// !$*UTF8*$!
{
	archiveVersion = 1;
	classes = {
	};
	objectVersion = 56;
	objects = {

/* Begin PBXBuildFile section */
		B1000001233B0001 /* BlockBlastApp.swift in Sources */ = {isa = PBXBuildFile; fileRef = B1000001233A0001 /* BlockBlastApp.swift */; };
		B1000001233B0002 /* ContentView.swift in Sources */ = {isa = PBXBuildFile; fileRef = B1000001233A0002 /* ContentView.swift */; };
		B1000001233B0003 /* Block.swift in Sources */ = {isa = PBXBuildFile; fileRef = B1000001233A0003 /* Block.swift */; };
		B1000001233B0004 /* GameGrid.swift in Sources */ = {isa = PBXBuildFile; fileRef = B1000001233A0004 /* GameGrid.swift */; };
		B1000001233B0005 /* GameState.swift in Sources */ = {isa = PBXBuildFile; fileRef = B1000001233A0005 /* GameState.swift */; };
		B1000001233B0006 /* GameManager.swift in Sources */ = {isa = PBXBuildFile; fileRef = B1000001233A0006 /* GameManager.swift */; };
		B1000001233B0007 /* MultiplayerManager.swift in Sources */ = {isa = PBXBuildFile; fileRef = B1000001233A0007 /* MultiplayerManager.swift */; };
		B1000001233B0008 /* MainMenuView.swift in Sources */ = {isa = PBXBuildFile; fileRef = B1000001233A0008 /* MainMenuView.swift */; };
		B1000001233B0009 /* GameView.swift in Sources */ = {isa = PBXBuildFile; fileRef = B1000001233A0009 /* GameView.swift */; };
		B1000001233B000A /* GameBoardView.swift in Sources */ = {isa = PBXBuildFile; fileRef = B1000001233A000A /* GameBoardView.swift */; };
		B1000001233B000B /* GameOverView.swift in Sources */ = {isa = PBXBuildFile; fileRef = B1000001233A000B /* GameOverView.swift */; };
		B1000001233B000C /* MultiplayerGameView.swift in Sources */ = {isa = PBXBuildFile; fileRef = B1000001233A000C /* MultiplayerGameView.swift */; };
		B1000001233B000D /* MatchmakingView.swift in Sources */ = {isa = PBXBuildFile; fileRef = B1000001233A000D /* MatchmakingView.swift */; };
		B1000001233B000E /* HapticsManager.swift in Sources */ = {isa = PBXBuildFile; fileRef = B1000001233A000E /* HapticsManager.swift */; };
		B1000001233B000F /* SoundManager.swift in Sources */ = {isa = PBXBuildFile; fileRef = B1000001233A000F /* SoundManager.swift */; };
		B1000001233B0010 /* Assets.xcassets in Resources */ = {isa = PBXBuildFile; fileRef = B1000001233A0010 /* Assets.xcassets */; };
		B1000001233B0020 /* GameKit.framework in Frameworks */ = {isa = PBXBuildFile; fileRef = B1000001233A0020 /* GameKit.framework */; };
/* End PBXBuildFile section */

/* Begin PBXFileReference section */
		B1000001233A0001 /* BlockBlastApp.swift */ = {isa = PBXFileReference; lastKnownFileType = sourcecode.swift; path = BlockBlastApp.swift; sourceTree = "<group>"; };
		B1000001233A0002 /* ContentView.swift */ = {isa = PBXFileReference; lastKnownFileType = sourcecode.swift; path = ContentView.swift; sourceTree = "<group>"; };
		B1000001233A0003 /* Block.swift */ = {isa = PBXFileReference; lastKnownFileType = sourcecode.swift; path = Block.swift; sourceTree = "<group>"; };
		B1000001233A0004 /* GameGrid.swift */ = {isa = PBXFileReference; lastKnownFileType = sourcecode.swift; path = GameGrid.swift; sourceTree = "<group>"; };
		B1000001233A0005 /* GameState.swift */ = {isa = PBXFileReference; lastKnownFileType = sourcecode.swift; path = GameState.swift; sourceTree = "<group>"; };
		B1000001233A0006 /* GameManager.swift */ = {isa = PBXFileReference; lastKnownFileType = sourcecode.swift; path = GameManager.swift; sourceTree = "<group>"; };
		B1000001233A0007 /* MultiplayerManager.swift */ = {isa = PBXFileReference; lastKnownFileType = sourcecode.swift; path = MultiplayerManager.swift; sourceTree = "<group>"; };
		B1000001233A0008 /* MainMenuView.swift */ = {isa = PBXFileReference; lastKnownFileType = sourcecode.swift; path = MainMenuView.swift; sourceTree = "<group>"; };
		B1000001233A0009 /* GameView.swift */ = {isa = PBXFileReference; lastKnownFileType = sourcecode.swift; path = GameView.swift; sourceTree = "<group>"; };
		B1000001233A000A /* GameBoardView.swift */ = {isa = PBXFileReference; lastKnownFileType = sourcecode.swift; path = GameBoardView.swift; sourceTree = "<group>"; };
		B1000001233A000B /* GameOverView.swift */ = {isa = PBXFileReference; lastKnownFileType = sourcecode.swift; path = GameOverView.swift; sourceTree = "<group>"; };
		B1000001233A000C /* MultiplayerGameView.swift */ = {isa = PBXFileReference; lastKnownFileType = sourcecode.swift; path = MultiplayerGameView.swift; sourceTree = "<group>"; };
		B1000001233A000D /* MatchmakingView.swift */ = {isa = PBXFileReference; lastKnownFileType = sourcecode.swift; path = MatchmakingView.swift; sourceTree = "<group>"; };
		B1000001233A000E /* HapticsManager.swift */ = {isa = PBXFileReference; lastKnownFileType = sourcecode.swift; path = HapticsManager.swift; sourceTree = "<group>"; };
		B1000001233A000F /* SoundManager.swift */ = {isa = PBXFileReference; lastKnownFileType = sourcecode.swift; path = SoundManager.swift; sourceTree = "<group>"; };
		B1000001233A0010 /* Assets.xcassets */ = {isa = PBXFileReference; lastKnownFileType = folder.assetcatalog; path = Assets.xcassets; sourceTree = "<group>"; };
		B1000001233A0011 /* Info.plist */ = {isa = PBXFileReference; lastKnownFileType = text.plist.xml; path = Info.plist; sourceTree = "<group>"; };
		B1000001233A0012 /* BlockBlast.entitlements */ = {isa = PBXFileReference; lastKnownFileType = text.plist.entitlements; path = BlockBlast.entitlements; sourceTree = "<group>"; };
		B1000001233A0020 /* GameKit.framework */ = {isa = PBXFileReference; lastKnownFileType = wrapper.framework; name = GameKit.framework; path = System/Library/Frameworks/GameKit.framework; sourceTree = SDKROOT; };
		B1000001233A1000 /* BlockBlast.app */ = {isa = PBXFileReference; explicitFileType = wrapper.application; includeInIndex = 0; path = BlockBlast.app; sourceTree = BUILT_PRODUCTS_DIR; };
/* End PBXFileReference section */

/* Begin PBXFrameworksBuildPhase section */
		B1000001233C0001 /* Frameworks */ = {
			isa = PBXFrameworksBuildPhase;
			buildActionMask = 2147483647;
			files = (
				B1000001233B0020 /* GameKit.framework in Frameworks */,
			);
			runOnlyForDeploymentPostprocessing = 0;
		};
/* End PBXFrameworksBuildPhase section */

/* Begin PBXGroup section */
		B1000001233D0001 = {
			isa = PBXGroup;
			children = (
				B1000001233D0002 /* BlockBlast */,
				B1000001233D0007 /* Frameworks */,
				B1000001233D0008 /* Products */,
			);
			sourceTree = "<group>";
		};
		B1000001233D0002 /* BlockBlast */ = {
			isa = PBXGroup;
			children = (
				B1000001233A0001 /* BlockBlastApp.swift */,
				B1000001233A0002 /* ContentView.swift */,
				B1000001233D0003 /* Models */,
				B1000001233D0004 /* Views */,
				B1000001233D0005 /* ViewModels */,
				B1000001233D0006 /* Multiplayer */,
				B1000001233D0009 /* Utilities */,
				B1000001233A0010 /* Assets.xcassets */,
				B1000001233A0011 /* Info.plist */,
				B1000001233A0012 /* BlockBlast.entitlements */,
			);
			path = BlockBlast;
			sourceTree = "<group>";
		};
		B1000001233D0003 /* Models */ = {
			isa = PBXGroup;
			children = (
				B1000001233A0003 /* Block.swift */,
				B1000001233A0004 /* GameGrid.swift */,
				B1000001233A0005 /* GameState.swift */,
			);
			path = Models;
			sourceTree = "<group>";
		};
		B1000001233D0004 /* Views */ = {
			isa = PBXGroup;
			children = (
				B1000001233A0008 /* MainMenuView.swift */,
				B1000001233A0009 /* GameView.swift */,
				B1000001233A000A /* GameBoardView.swift */,
				B1000001233A000B /* GameOverView.swift */,
				B1000001233A000C /* MultiplayerGameView.swift */,
				B1000001233A000D /* MatchmakingView.swift */,
			);
			path = Views;
			sourceTree = "<group>";
		};
		B1000001233D0005 /* ViewModels */ = {
			isa = PBXGroup;
			children = (
				B1000001233A0006 /* GameManager.swift */,
			);
			path = ViewModels;
			sourceTree = "<group>";
		};
		B1000001233D0006 /* Multiplayer */ = {
			isa = PBXGroup;
			children = (
				B1000001233A0007 /* MultiplayerManager.swift */,
			);
			path = Multiplayer;
			sourceTree = "<group>";
		};
		B1000001233D0007 /* Frameworks */ = {
			isa = PBXGroup;
			children = (
				B1000001233A0020 /* GameKit.framework */,
			);
			name = Frameworks;
			sourceTree = "<group>";
		};
		B1000001233D0008 /* Products */ = {
			isa = PBXGroup;
			children = (
				B1000001233A1000 /* BlockBlast.app */,
			);
			name = Products;
			sourceTree = "<group>";
		};
		B1000001233D0009 /* Utilities */ = {
			isa = PBXGroup;
			children = (
				B1000001233A000E /* HapticsManager.swift */,
				B1000001233A000F /* SoundManager.swift */,
			);
			path = Utilities;
			sourceTree = "<group>";
		};
/* End PBXGroup section */

/* Begin PBXNativeTarget section */
		B1000001233E0001 /* BlockBlast */ = {
			isa = PBXNativeTarget;
			buildConfigurationList = B1000001233F0003 /* Build configuration list for PBXNativeTarget "BlockBlast" */;
			buildPhases = (
				B1000001233C0002 /* Sources */,
				B1000001233C0001 /* Frameworks */,
				B1000001233C0003 /* Resources */,
			);
			buildRules = (
			);
			dependencies = (
			);
			name = BlockBlast;
			productName = BlockBlast;
			productReference = B1000001233A1000 /* BlockBlast.app */;
			productType = "com.apple.product-type.application";
		};
/* End PBXNativeTarget section */

/* Begin PBXProject section */
		B1000001233E0002 /* Project object */ = {
			isa = PBXProject;
			attributes = {
				BuildIndependentTargetsInParallel = 1;
				LastSwiftUpdateCheck = 1500;
				LastUpgradeCheck = 1500;
				TargetAttributes = {
					B1000001233E0001 = {
						CreatedOnToolsVersion = 15.0;
					};
				};
			};
			buildConfigurationList = B1000001233F0001 /* Build configuration list for PBXProject "BlockBlast" */;
			compatibilityVersion = "Xcode 14.0";
			developmentRegion = en;
			hasScannedForEncodings = 0;
			knownRegions = (
				en,
				Base,
			);
			mainGroup = B1000001233D0001;
			productRefGroup = B1000001233D0008 /* Products */;
			projectDirPath = "";
			projectRoot = "";
			targets = (
				B1000001233E0001 /* BlockBlast */,
			);
		};
/* End PBXProject section */

/* Begin PBXResourcesBuildPhase section */
		B1000001233C0003 /* Resources */ = {
			isa = PBXResourcesBuildPhase;
			buildActionMask = 2147483647;
			files = (
				B1000001233B0010 /* Assets.xcassets in Resources */,
			);
			runOnlyForDeploymentPostprocessing = 0;
		};
/* End PBXResourcesBuildPhase section */

/* Begin PBXSourcesBuildPhase section */
		B1000001233C0002 /* Sources */ = {
			isa = PBXSourcesBuildPhase;
			buildActionMask = 2147483647;
			files = (
				B1000001233B0001 /* BlockBlastApp.swift in Sources */,
				B1000001233B0002 /* ContentView.swift in Sources */,
				B1000001233B0003 /* Block.swift in Sources */,
				B1000001233B0004 /* GameGrid.swift in Sources */,
				B1000001233B0005 /* GameState.swift in Sources */,
				B1000001233B0006 /* GameManager.swift in Sources */,
				B1000001233B0007 /* MultiplayerManager.swift in Sources */,
				B1000001233B0008 /* MainMenuView.swift in Sources */,
				B1000001233B0009 /* GameView.swift in Sources */,
				B1000001233B000A /* GameBoardView.swift in Sources */,
				B1000001233B000B /* GameOverView.swift in Sources */,
				B1000001233B000C /* MultiplayerGameView.swift in Sources */,
				B1000001233B000D /* MatchmakingView.swift in Sources */,
				B1000001233B000E /* HapticsManager.swift in Sources */,
				B1000001233B000F /* SoundManager.swift in Sources */,
			);
			runOnlyForDeploymentPostprocessing = 0;
		};
/* End PBXSourcesBuildPhase section */

/* Begin XCBuildConfiguration section */
		B1000001233F0004 /* Debug */ = {
			isa = XCBuildConfiguration;
			buildSettings = {
				ALWAYS_SEARCH_USER_PATHS = NO;
				ASSETCATALOG_COMPILER_APPICON_NAME = AppIcon;
				ASSETCATALOG_COMPILER_GLOBAL_ACCENT_COLOR_NAME = AccentColor;
				CLANG_ANALYZER_NONNULL = YES;
				CLANG_ANALYZER_NUMBER_OBJECT_CONVERSION = YES_AGGRESSIVE;
				CLANG_CXX_LANGUAGE_STANDARD = "gnu++20";
				CLANG_ENABLE_MODULES = YES;
				CLANG_ENABLE_OBJC_ARC = YES;
				CLANG_ENABLE_OBJC_WEAK = YES;
				CLANG_WARN_BLOCK_CAPTURE_AUTORELEASING = YES;
				CLANG_WARN_BOOL_CONVERSION = YES;
				CLANG_WARN_COMMA = YES;
				CLANG_WARN_CONSTANT_CONVERSION = YES;
				CLANG_WARN_DEPRECATED_OBJC_IMPLEMENTATIONS = YES;
				CLANG_WARN_DIRECT_OBJC_ISA_USAGE = YES_ERROR;
				CLANG_WARN_DOCUMENTATION_COMMENTS = YES;
				CLANG_WARN_EMPTY_BODY = YES;
				CLANG_WARN_ENUM_CONVERSION = YES;
				CLANG_WARN_INFINITE_RECURSION = YES;
				CLANG_WARN_INT_CONVERSION = YES;
				CLANG_WARN_NON_LITERAL_NULL_CONVERSION = YES;
				CLANG_WARN_OBJC_IMPLICIT_RETAIN_SELF = YES;
				CLANG_WARN_OBJC_LITERAL_CONVERSION = YES;
				CLANG_WARN_OBJC_ROOT_CLASS = YES_ERROR;
				CLANG_WARN_QUOTED_INCLUDE_IN_FRAMEWORK_HEADER = YES;
				CLANG_WARN_RANGE_LOOP_ANALYSIS = YES;
				CLANG_WARN_STRICT_PROTOTYPES = YES;
				CLANG_WARN_SUSPICIOUS_MOVE = YES;
				CLANG_WARN_UNGUARDED_AVAILABILITY = YES_AGGRESSIVE;
				CLANG_WARN_UNREACHABLE_CODE = YES;
				CLANG_WARN__DUPLICATE_METHOD_MATCH = YES;
				CODE_SIGN_ENTITLEMENTS = BlockBlast/BlockBlast.entitlements;
				CODE_SIGN_STYLE = Automatic;
				COPY_PHASE_STRIP = NO;
				CURRENT_PROJECT_VERSION = 1;
				DEBUG_INFORMATION_FORMAT = dwarf;
				DEVELOPMENT_TEAM = "";
				ENABLE_STRICT_OBJC_MSGSEND = YES;
				ENABLE_TESTABILITY = YES;
				GCC_C_LANGUAGE_STANDARD = gnu17;
				GCC_DYNAMIC_NO_PIC = NO;
				GCC_NO_COMMON_BLOCKS = YES;
				GCC_OPTIMIZATION_LEVEL = 0;
				GCC_PREPROCESSOR_DEFINITIONS = (
					"DEBUG=1",
					"$(inherited)",
				);
				GCC_WARN_64_TO_32_BIT_CONVERSION = YES;
				GCC_WARN_ABOUT_RETURN_TYPE = YES_ERROR;
				GCC_WARN_UNDECLARED_SELECTOR = YES;
				GCC_WARN_UNINITIALIZED_AUTOS = YES_AGGRESSIVE;
				GCC_WARN_UNUSED_FUNCTION = YES;
				GCC_WARN_UNUSED_VARIABLE = YES;
				GENERATE_INFOPLIST_FILE = NO;
				INFOPLIST_FILE = BlockBlast/Info.plist;
				INFOPLIST_KEY_CFBundleDisplayName = "Block Blast";
				INFOPLIST_KEY_LSApplicationCategoryType = "public.app-category.games";
				INFOPLIST_KEY_UIApplicationSceneManifest_Generation = YES;
				INFOPLIST_KEY_UIApplicationSupportsIndirectInputEvents = YES;
				INFOPLIST_KEY_UILaunchScreen_Generation = YES;
				INFOPLIST_KEY_UISupportedInterfaceOrientations = UIInterfaceOrientationPortrait;
				IPHONEOS_DEPLOYMENT_TARGET = 17.0;
				LD_RUNPATH_SEARCH_PATHS = (
					"$(inherited)",
					"@executable_path/Frameworks",
				);
				MARKETING_VERSION = 1.0;
				MTL_ENABLE_DEBUG_INFO = INCLUDE_SOURCE;
				MTL_FAST_MATH = YES;
				ONLY_ACTIVE_ARCH = YES;
				PRODUCT_BUNDLE_IDENTIFIER = com.blockblast.game;
				PRODUCT_NAME = "$(TARGET_NAME)";
				SDKROOT = iphoneos;
				SWIFT_ACTIVE_COMPILATION_CONDITIONS = "DEBUG $(inherited)";
				SWIFT_EMIT_LOC_STRINGS = YES;
				SWIFT_OPTIMIZATION_LEVEL = "-Onone";
				SWIFT_VERSION = 5.0;
				TARGETED_DEVICE_FAMILY = "1,2";
			};
			name = Debug;
		};
		B1000001233F0005 /* Release */ = {
			isa = XCBuildConfiguration;
			buildSettings = {
				ALWAYS_SEARCH_USER_PATHS = NO;
				ASSETCATALOG_COMPILER_APPICON_NAME = AppIcon;
				ASSETCATALOG_COMPILER_GLOBAL_ACCENT_COLOR_NAME = AccentColor;
				CLANG_ANALYZER_NONNULL = YES;
				CLANG_ANALYZER_NUMBER_OBJECT_CONVERSION = YES_AGGRESSIVE;
				CLANG_CXX_LANGUAGE_STANDARD = "gnu++20";
				CLANG_ENABLE_MODULES = YES;
				CLANG_ENABLE_OBJC_ARC = YES;
				CLANG_ENABLE_OBJC_WEAK = YES;
				CLANG_WARN_BLOCK_CAPTURE_AUTORELEASING = YES;
				CLANG_WARN_BOOL_CONVERSION = YES;
				CLANG_WARN_COMMA = YES;
				CLANG_WARN_CONSTANT_CONVERSION = YES;
				CLANG_WARN_DEPRECATED_OBJC_IMPLEMENTATIONS = YES;
				CLANG_WARN_DIRECT_OBJC_ISA_USAGE = YES_ERROR;
				CLANG_WARN_DOCUMENTATION_COMMENTS = YES;
				CLANG_WARN_EMPTY_BODY = YES;
				CLANG_WARN_ENUM_CONVERSION = YES;
				CLANG_WARN_INFINITE_RECURSION = YES;
				CLANG_WARN_INT_CONVERSION = YES;
				CLANG_WARN_NON_LITERAL_NULL_CONVERSION = YES;
				CLANG_WARN_OBJC_IMPLICIT_RETAIN_SELF = YES;
				CLANG_WARN_OBJC_LITERAL_CONVERSION = YES;
				CLANG_WARN_OBJC_ROOT_CLASS = YES_ERROR;
				CLANG_WARN_QUOTED_INCLUDE_IN_FRAMEWORK_HEADER = YES;
				CLANG_WARN_RANGE_LOOP_ANALYSIS = YES;
				CLANG_WARN_STRICT_PROTOTYPES = YES;
				CLANG_WARN_SUSPICIOUS_MOVE = YES;
				CLANG_WARN_UNGUARDED_AVAILABILITY = YES_AGGRESSIVE;
				CLANG_WARN_UNREACHABLE_CODE = YES;
				CLANG_WARN__DUPLICATE_METHOD_MATCH = YES;
				CODE_SIGN_ENTITLEMENTS = BlockBlast/BlockBlast.entitlements;
				CODE_SIGN_STYLE = Automatic;
				COPY_PHASE_STRIP = NO;
				CURRENT_PROJECT_VERSION = 1;
				DEBUG_INFORMATION_FORMAT = "dwarf-with-dsym";
				DEVELOPMENT_TEAM = "";
				ENABLE_NS_ASSERTIONS = NO;
				ENABLE_STRICT_OBJC_MSGSEND = YES;
				GCC_C_LANGUAGE_STANDARD = gnu17;
				GCC_NO_COMMON_BLOCKS = YES;
				GCC_WARN_64_TO_32_BIT_CONVERSION = YES;
				GCC_WARN_ABOUT_RETURN_TYPE = YES_ERROR;
				GCC_WARN_UNDECLARED_SELECTOR = YES;
				GCC_WARN_UNINITIALIZED_AUTOS = YES_AGGRESSIVE;
				GCC_WARN_UNUSED_FUNCTION = YES;
				GCC_WARN_UNUSED_VARIABLE = YES;
				GENERATE_INFOPLIST_FILE = NO;
				INFOPLIST_FILE = BlockBlast/Info.plist;
				INFOPLIST_KEY_CFBundleDisplayName = "Block Blast";
				INFOPLIST_KEY_LSApplicationCategoryType = "public.app-category.games";
				INFOPLIST_KEY_UIApplicationSceneManifest_Generation = YES;
				INFOPLIST_KEY_UIApplicationSupportsIndirectInputEvents = YES;
				INFOPLIST_KEY_UILaunchScreen_Generation = YES;
				INFOPLIST_KEY_UISupportedInterfaceOrientations = UIInterfaceOrientationPortrait;
				IPHONEOS_DEPLOYMENT_TARGET = 17.0;
				LD_RUNPATH_SEARCH_PATHS = (
					"$(inherited)",
					"@executable_path/Frameworks",
				);
				MARKETING_VERSION = 1.0;
				MTL_ENABLE_DEBUG_INFO = NO;
				MTL_FAST_MATH = YES;
				PRODUCT_BUNDLE_IDENTIFIER = com.blockblast.game;
				PRODUCT_NAME = "$(TARGET_NAME)";
				SDKROOT = iphoneos;
				SWIFT_COMPILATION_MODE = wholemodule;
				SWIFT_EMIT_LOC_STRINGS = YES;
				SWIFT_VERSION = 5.0;
				TARGETED_DEVICE_FAMILY = "1,2";
				VALIDATE_PRODUCT = YES;
			};
			name = Release;
		};
/* End XCBuildConfiguration section */

/* Begin XCConfigurationList section */
		B1000001233F0001 /* Build configuration list for PBXProject "BlockBlast" */ = {
			isa = XCConfigurationList;
			buildConfigurations = (
				B1000001233F0004 /* Debug */,
				B1000001233F0005 /* Release */,
			);
			defaultConfigurationIsVisible = 0;
			defaultConfigurationName = Release;
		};
		B1000001233F0003 /* Build configuration list for PBXNativeTarget "BlockBlast" */ = {
			isa = XCConfigurationList;
			buildConfigurations = (
				B1000001233F0004 /* Debug */,
				B1000001233F0005 /* Release */,
			);
			defaultConfigurationIsVisible = 0;
			defaultConfigurationName = Release;
		};
/* End XCConfigurationList section */
	};
	rootObject = B1000001233E0002 /* Project object */;
}
